
Microsoft Visual Studio Solution File, Format Version 12.00
# Visual Studio Version 16
VisualStudioVersion = 16.0.31729.503
MinimumVisualStudioVersion = 10.0.40219.1
Project("{9A19103F-16F7-4668-BE54-9A1E7A4F7556}") = "GunDetectML.Model", "GunDetectML.Model\GunDetectML.Model.csproj", "{238127B8-AF57-4026-9E36-323C3A9CB25E}"
EndProject
Project("{9A19103F-16F7-4668-BE54-9A1E7A4F7556}") = "GunDetectML.ConsoleApp", "GunDetectML.ConsoleApp\GunDetectML.ConsoleApp.csproj", "{B0E4B6B1-DEE9-40B4-B21A-64F53FCE19ED}"
EndProject
Global
	GlobalSection(SolutionConfigurationPlatforms) = preSolution
		Debug|Any CPU = Debug|Any CPU
		Release|Any CPU = Release|Any CPU
	EndGlobalSection
	GlobalSection(ProjectConfigurationPlatforms) = postSolution
		{238127B8-AF57-4026-9E36-323C3A9CB25E}.Debug|Any CPU.ActiveCfg = Debug|Any CPU
		{238127B8-AF57-4026-9E36-323C3A9CB25E}.Debug|Any CPU.Build.0 = Debug|Any CPU
		{238127B8-AF57-4026-9E36-323C3A9CB25E}.Release|Any CPU.ActiveCfg = Release|Any CPU
		{238127B8-AF57-4026-9E36-323C3A9CB25E}.Release|Any CPU.Build.0 = Release|Any CPU
		{B0E4B6B1-DEE9-40B4-B21A-64F53FCE19ED}.Debug|Any CPU.ActiveCfg = Debug|Any CPU
		{B0E4B6B1-DEE9-40B4-B21A-64F53FCE19ED}.Debug|Any CPU.Build.0 = Debug|Any CPU
		{B0E4B6B1-DEE9-40B4-B21A-64F53FCE19ED}.Release|Any CPU.ActiveCfg = Release|Any CPU
		{B0E4B6B1-DEE9-40B4-B21A-64F53FCE19ED}.Release|Any CPU.Build.0 = Release|Any CPU
	EndGlobalSection
	GlobalSection(SolutionProperties) = preSolution
		HideSolutionNode = FALSE
	EndGlobalSection
	GlobalSection(ExtensibilityGlobals) = postSolution
		SolutionGuid = {DA52C641-5D40-44C5-9B97-4F45CD3383CE}
	EndGlobalSection
EndGlobal
